
Microsoft Visual Studio Solution File, Format Version 12.00
# Visual Studio Version 17
VisualStudioVersion = 17.3.32819.101
MinimumVisualStudioVersion = 10.0.40219.1
Project("{FAE04EC0-301F-11D3-BF4B-00C04F79EFBC}") = "NHA_Registry", "NHA_Registry\NHA_Registry.csproj", "{3F3FF7D0-0FA6-43BB-B7B8-2B40F131531A}"
EndProject
Global
	GlobalSection(SolutionConfigurationPlatforms) = preSolution
		Debug|Any CPU = Debug|Any CPU
		Release|Any CPU = Release|Any CPU
	EndGlobalSection
	GlobalSection(ProjectConfigurationPlatforms) = postSolution
		{3F3FF7D0-0FA6-43BB-B7B8-2B40F131531A}.Debug|Any CPU.ActiveCfg = Debug|Any CPU
		{3F3FF7D0-0FA6-43BB-B7B8-2B40F131531A}.Debug|Any CPU.Build.0 = Debug|Any CPU
		{3F3FF7D0-0FA6-43BB-B7B8-2B40F131531A}.Release|Any CPU.ActiveCfg = Release|Any CPU
		{3F3FF7D0-0FA6-43BB-B7B8-2B40F131531A}.Release|Any CPU.Build.0 = Release|Any CPU
	EndGlobalSection
	GlobalSection(SolutionProperties) = preSolution
		HideSolutionNode = FALSE
	EndGlobalSection
	GlobalSection(ExtensibilityGlobals) = postSolution
		SolutionGuid = {E1F46CAF-596F-4EDC-9490-E30148380DF3}
	EndGlobalSection
EndGlobal
